
Microsoft Visual Studio Solution File, Format Version 12.00
# Visual Studio Version 17
VisualStudioVersion = 17.2.32602.215
MinimumVisualStudioVersion = 10.0.40219.1
Project("{FAE04EC0-301F-11D3-BF4B-00C04F79EFBC}") = "QPServer", "QPServer.csproj", "{A0D9391A-2EEF-45DE-A005-D3EC6CB376DD}"
EndProject
Global
	GlobalSection(SolutionConfigurationPlatforms) = preSolution
		Debug|Any CPU = Debug|Any CPU
		Release|Any CPU = Release|Any CPU
	EndGlobalSection
	GlobalSection(ProjectConfigurationPlatforms) = postSolution
		{A0D9391A-2EEF-45DE-A005-D3EC6CB376DD}.Debug|Any CPU.ActiveCfg = Debug|Any CPU
		{A0D9391A-2EEF-45DE-A005-D3EC6CB376DD}.Debug|Any CPU.Build.0 = Debug|Any CPU
		{A0D9391A-2EEF-45DE-A005-D3EC6CB376DD}.Release|Any CPU.ActiveCfg = Release|Any CPU
		{A0D9391A-2EEF-45DE-A005-D3EC6CB376DD}.Release|Any CPU.Build.0 = Release|Any CPU
	EndGlobalSection
	GlobalSection(SolutionProperties) = preSolution
		HideSolutionNode = FALSE
	EndGlobalSection
	GlobalSection(ExtensibilityGlobals) = postSolution
		SolutionGuid = {F1BB5C82-2ECD-4C47-9244-AC12D1B53984}
	EndGlobalSection
EndGlobal
